
Microsoft Visual Studio Solution File, Format Version 12.00
# Visual Studio 15
VisualStudioVersion = 15.0.34112.143
MinimumVisualStudioVersion = 10.0.40219.1
Project("{FAE04EC0-301F-11D3-BF4B-00C04F79EFBC}") = "WADExplorer", "WADExplorer\WADExplorer.csproj", "{808EABF4-9586-41BE-91BB-3936D0699B0E}"
EndProject
Global
	GlobalSection(SolutionConfigurationPlatforms) = preSolution
		Debug|Any CPU = Debug|Any CPU
		Release|Any CPU = Release|Any CPU
	EndGlobalSection
	GlobalSection(ProjectConfigurationPlatforms) = postSolution
		{808EABF4-9586-41BE-91BB-3936D0699B0E}.Debug|Any CPU.ActiveCfg = Debug|Any CPU
		{808EABF4-9586-41BE-91BB-3936D0699B0E}.Debug|Any CPU.Build.0 = Debug|Any CPU
		{808EABF4-9586-41BE-91BB-3936D0699B0E}.Release|Any CPU.ActiveCfg = Release|Any CPU
		{808EABF4-9586-41BE-91BB-3936D0699B0E}.Release|Any CPU.Build.0 = Release|Any CPU
	EndGlobalSection
	GlobalSection(SolutionProperties) = preSolution
		HideSolutionNode = FALSE
	EndGlobalSection
	GlobalSection(ExtensibilityGlobals) = postSolution
		SolutionGuid = {564E4949-04C2-4EC8-A84D-042764032169}
	EndGlobalSection
EndGlobal
